
Microsoft Visual Studio Solution File, Format Version 12.00
# Visual Studio Version 16
VisualStudioVersion = 16.0.29001.49
MinimumVisualStudioVersion = 10.0.40219.1
Project("{E53339B2-1760-4266-BCC7-CA923CBCF16C}") = "docker-compose", "docker-compose.dcproj", "{4C83CE30-9414-4D63-8F94-5C33FAE4662C}"
EndProject
Project("{2150E333-8FDC-42A3-9474-1A3956D46DE8}") = "Documents", "Documents", "{6CB12EEB-999C-4DD8-AB27-9FEB9C20A218}"
	ProjectSection(SolutionItems) = preProject
		..\readme.md = ..\readme.md
	EndProjectSection
EndProject
Project("{2150E333-8FDC-42A3-9474-1A3956D46DE8}") = "Services", "Services", "{30A63C59-0245-498C-BF00-5D48F24242A2}"
EndProject
Project("{2150E333-8FDC-42A3-9474-1A3956D46DE8}") = "ApiGateways", "ApiGateways", "{E6499F2F-2D6A-48AD-9A18-D410EB453843}"
EndProject
Project("{2150E333-8FDC-42A3-9474-1A3956D46DE8}") = "Book", "Book", "{EE5D899C-B756-4935-9178-A16C60153FB3}"
EndProject
Project("{2150E333-8FDC-42A3-9474-1A3956D46DE8}") = "File", "File", "{A6B11AC9-5F45-4F19-8699-1FE2C7AFBE67}"
EndProject
Project("{9A19103F-16F7-4668-BE54-9A1E7A4F7556}") = "File.Api", "Services\File\File.Api\File.Api.csproj", "{77109AF8-C600-4FD1-A9FB-056186183D34}"
EndProject
Project("{9A19103F-16F7-4668-BE54-9A1E7A4F7556}") = "File.Core", "Services\File\File.Core\File.Core.csproj", "{F31BDEC1-9D7C-4B03-8BC3-02EB9342AB01}"
EndProject
Project("{9A19103F-16F7-4668-BE54-9A1E7A4F7556}") = "File.Infrastructure", "Services\File\File.Infrastructure\File.Infrastructure.csproj", "{04309001-F5A5-48A8-A7C8-3D8A93B5EE44}"
EndProject
Project("{9A19103F-16F7-4668-BE54-9A1E7A4F7556}") = "ApiGateways", "ApiGateways\ApiGateways.csproj", "{9D6E5C37-5468-42C7-9C0D-2018AAEE9C2A}"
EndProject
Project("{2150E333-8FDC-42A3-9474-1A3956D46DE8}") = "Notification", "Notification", "{338A1CB9-191C-480D-8F8B-1F3788692B66}"
EndProject
Project("{2150E333-8FDC-42A3-9474-1A3956D46DE8}") = "Identity", "Identity", "{8E79B5C1-025A-4946-8C92-979A5BEE6563}"
EndProject
Project("{9A19103F-16F7-4668-BE54-9A1E7A4F7556}") = "Notification.Api", "Services\Notification\Notification.Api\Notification.Api.csproj", "{030D030C-9C1A-468F-A3AD-D8044EBD9440}"
EndProject
Project("{9A19103F-16F7-4668-BE54-9A1E7A4F7556}") = "Notification.Core", "Services\Notification\Notification.Core\Notification.Core.csproj", "{7A6467E3-C654-45F0-956B-6D700E251AB9}"
EndProject
Project("{9A19103F-16F7-4668-BE54-9A1E7A4F7556}") = "Notification.Infrastructure", "Services\Notification\Notification.Infrastructure\Notification.Infrastructure.csproj", "{3DE79A4C-9544-40F6-B83B-DD5E20C9AD2C}"
EndProject
Project("{9A19103F-16F7-4668-BE54-9A1E7A4F7556}") = "NetCore.API", "Services\Book\NetCore.API\NetCore.API.csproj", "{95CEEB4A-E4BA-4964-9E86-E8B69860CA70}"
EndProject
Project("{9A19103F-16F7-4668-BE54-9A1E7A4F7556}") = "NetCore.Core", "Services\Book\NetCore.Core\NetCore.Core.csproj", "{3F67C1D6-98FC-4D04-9F40-FFDFF613DCBD}"
EndProject
Project("{9A19103F-16F7-4668-BE54-9A1E7A4F7556}") = "NetCore.Infrastructure", "Services\Book\NetCore.Infrastructure\NetCore.Infrastructure.csproj", "{51439D4A-928F-405D-B515-74C75B05FB7D}"
EndProject
Project("{2150E333-8FDC-42A3-9474-1A3956D46DE8}") = "AudioBook", "AudioBook", "{153EBBB9-74BA-4048-8805-9ADBE437B348}"
EndProject
Project("{9A19103F-16F7-4668-BE54-9A1E7A4F7556}") = "AudioBook.Api", "Services\AudioBook\AudioBook.Api\AudioBook.Api.csproj", "{21B0141D-7127-4C99-BDB9-4A6DF8998A29}"
EndProject
Project("{9A19103F-16F7-4668-BE54-9A1E7A4F7556}") = "AudioBook.Core", "Services\AudioBook\AudioBook.Core\AudioBook.Core.csproj", "{1D952A22-02ED-44C5-8D6F-081B65D17A97}"
EndProject
Project("{9A19103F-16F7-4668-BE54-9A1E7A4F7556}") = "AudioBook.Infrastructure", "Services\AudioBook\AudioBook.Infrastructure\AudioBook.Infrastructure.csproj", "{A14F9DAF-95ED-4128-BA48-3A9C23464418}"
EndProject
Global
	GlobalSection(SolutionConfigurationPlatforms) = preSolution
		Debug|Any CPU = Debug|Any CPU
		Release|Any CPU = Release|Any CPU
	EndGlobalSection
	GlobalSection(ProjectConfigurationPlatforms) = postSolution
		{4C83CE30-9414-4D63-8F94-5C33FAE4662C}.Debug|Any CPU.ActiveCfg = Debug|Any CPU
		{4C83CE30-9414-4D63-8F94-5C33FAE4662C}.Debug|Any CPU.Build.0 = Debug|Any CPU
		{4C83CE30-9414-4D63-8F94-5C33FAE4662C}.Release|Any CPU.ActiveCfg = Release|Any CPU
		{4C83CE30-9414-4D63-8F94-5C33FAE4662C}.Release|Any CPU.Build.0 = Release|Any CPU
		{77109AF8-C600-4FD1-A9FB-056186183D34}.Debug|Any CPU.ActiveCfg = Debug|Any CPU
		{77109AF8-C600-4FD1-A9FB-056186183D34}.Debug|Any CPU.Build.0 = Debug|Any CPU
		{77109AF8-C600-4FD1-A9FB-056186183D34}.Release|Any CPU.ActiveCfg = Release|Any CPU
		{77109AF8-C600-4FD1-A9FB-056186183D34}.Release|Any CPU.Build.0 = Release|Any CPU
		{F31BDEC1-9D7C-4B03-8BC3-02EB9342AB01}.Debug|Any CPU.ActiveCfg = Debug|Any CPU
		{F31BDEC1-9D7C-4B03-8BC3-02EB9342AB01}.Debug|Any CPU.Build.0 = Debug|Any CPU
		{F31BDEC1-9D7C-4B03-8BC3-02EB9342AB01}.Release|Any CPU.ActiveCfg = Release|Any CPU
		{F31BDEC1-9D7C-4B03-8BC3-02EB9342AB01}.Release|Any CPU.Build.0 = Release|Any CPU
		{04309001-F5A5-48A8-A7C8-3D8A93B5EE44}.Debug|Any CPU.ActiveCfg = Debug|Any CPU
		{04309001-F5A5-48A8-A7C8-3D8A93B5EE44}.Debug|Any CPU.Build.0 = Debug|Any CPU
		{04309001-F5A5-48A8-A7C8-3D8A93B5EE44}.Release|Any CPU.ActiveCfg = Release|Any CPU
		{04309001-F5A5-48A8-A7C8-3D8A93B5EE44}.Release|Any CPU.Build.0 = Release|Any CPU
		{9D6E5C37-5468-42C7-9C0D-2018AAEE9C2A}.Debug|Any CPU.ActiveCfg = Debug|Any CPU
		{9D6E5C37-5468-42C7-9C0D-2018AAEE9C2A}.Debug|Any CPU.Build.0 = Debug|Any CPU
		{9D6E5C37-5468-42C7-9C0D-2018AAEE9C2A}.Release|Any CPU.ActiveCfg = Release|Any CPU
		{9D6E5C37-5468-42C7-9C0D-2018AAEE9C2A}.Release|Any CPU.Build.0 = Release|Any CPU
		{030D030C-9C1A-468F-A3AD-D8044EBD9440}.Debug|Any CPU.ActiveCfg = Debug|Any CPU
		{030D030C-9C1A-468F-A3AD-D8044EBD9440}.Debug|Any CPU.Build.0 = Debug|Any CPU
		{030D030C-9C1A-468F-A3AD-D8044EBD9440}.Release|Any CPU.ActiveCfg = Release|Any CPU
		{030D030C-9C1A-468F-A3AD-D8044EBD9440}.Release|Any CPU.Build.0 = Release|Any CPU
		{7A6467E3-C654-45F0-956B-6D700E251AB9}.Debug|Any CPU.ActiveCfg = Debug|Any CPU
		{7A6467E3-C654-45F0-956B-6D700E251AB9}.Debug|Any CPU.Build.0 = Debug|Any CPU
		{7A6467E3-C654-45F0-956B-6D700E251AB9}.Release|Any CPU.ActiveCfg = Release|Any CPU
		{7A6467E3-C654-45F0-956B-6D700E251AB9}.Release|Any CPU.Build.0 = Release|Any CPU
		{3DE79A4C-9544-40F6-B83B-DD5E20C9AD2C}.Debug|Any CPU.ActiveCfg = Debug|Any CPU
		{3DE79A4C-9544-40F6-B83B-DD5E20C9AD2C}.Debug|Any CPU.Build.0 = Debug|Any CPU
		{3DE79A4C-9544-40F6-B83B-DD5E20C9AD2C}.Release|Any CPU.ActiveCfg = Release|Any CPU
		{3DE79A4C-9544-40F6-B83B-DD5E20C9AD2C}.Release|Any CPU.Build.0 = Release|Any CPU
		{95CEEB4A-E4BA-4964-9E86-E8B69860CA70}.Debug|Any CPU.ActiveCfg = Debug|Any CPU
		{95CEEB4A-E4BA-4964-9E86-E8B69860CA70}.Debug|Any CPU.Build.0 = Debug|Any CPU
		{95CEEB4A-E4BA-4964-9E86-E8B69860CA70}.Release|Any CPU.ActiveCfg = Release|Any CPU
		{95CEEB4A-E4BA-4964-9E86-E8B69860CA70}.Release|Any CPU.Build.0 = Release|Any CPU
		{3F67C1D6-98FC-4D04-9F40-FFDFF613DCBD}.Debug|Any CPU.ActiveCfg = Debug|Any CPU
		{3F67C1D6-98FC-4D04-9F40-FFDFF613DCBD}.Debug|Any CPU.Build.0 = Debug|Any CPU
		{3F67C1D6-98FC-4D04-9F40-FFDFF613DCBD}.Release|Any CPU.ActiveCfg = Release|Any CPU
		{3F67C1D6-98FC-4D04-9F40-FFDFF613DCBD}.Release|Any CPU.Build.0 = Release|Any CPU
		{51439D4A-928F-405D-B515-74C75B05FB7D}.Debug|Any CPU.ActiveCfg = Debug|Any CPU
		{51439D4A-928F-405D-B515-74C75B05FB7D}.Debug|Any CPU.Build.0 = Debug|Any CPU
		{51439D4A-928F-405D-B515-74C75B05FB7D}.Release|Any CPU.ActiveCfg = Release|Any CPU
		{51439D4A-928F-405D-B515-74C75B05FB7D}.Release|Any CPU.Build.0 = Release|Any CPU
		{21B0141D-7127-4C99-BDB9-4A6DF8998A29}.Debug|Any CPU.ActiveCfg = Debug|Any CPU
		{21B0141D-7127-4C99-BDB9-4A6DF8998A29}.Debug|Any CPU.Build.0 = Debug|Any CPU
		{21B0141D-7127-4C99-BDB9-4A6DF8998A29}.Release|Any CPU.ActiveCfg = Release|Any CPU
		{21B0141D-7127-4C99-BDB9-4A6DF8998A29}.Release|Any CPU.Build.0 = Release|Any CPU
		{1D952A22-02ED-44C5-8D6F-081B65D17A97}.Debug|Any CPU.ActiveCfg = Debug|Any CPU
		{1D952A22-02ED-44C5-8D6F-081B65D17A97}.Debug|Any CPU.Build.0 = Debug|Any CPU
		{1D952A22-02ED-44C5-8D6F-081B65D17A97}.Release|Any CPU.ActiveCfg = Release|Any CPU
		{1D952A22-02ED-44C5-8D6F-081B65D17A97}.Release|Any CPU.Build.0 = Release|Any CPU
		{A14F9DAF-95ED-4128-BA48-3A9C23464418}.Debug|Any CPU.ActiveCfg = Debug|Any CPU
		{A14F9DAF-95ED-4128-BA48-3A9C23464418}.Debug|Any CPU.Build.0 = Debug|Any CPU
		{A14F9DAF-95ED-4128-BA48-3A9C23464418}.Release|Any CPU.ActiveCfg = Release|Any CPU
		{A14F9DAF-95ED-4128-BA48-3A9C23464418}.Release|Any CPU.Build.0 = Release|Any CPU
	EndGlobalSection
	GlobalSection(SolutionProperties) = preSolution
		HideSolutionNode = FALSE
	EndGlobalSection
	GlobalSection(NestedProjects) = preSolution
		{EE5D899C-B756-4935-9178-A16C60153FB3} = {30A63C59-0245-498C-BF00-5D48F24242A2}
		{A6B11AC9-5F45-4F19-8699-1FE2C7AFBE67} = {30A63C59-0245-498C-BF00-5D48F24242A2}
		{77109AF8-C600-4FD1-A9FB-056186183D34} = {A6B11AC9-5F45-4F19-8699-1FE2C7AFBE67}
		{F31BDEC1-9D7C-4B03-8BC3-02EB9342AB01} = {A6B11AC9-5F45-4F19-8699-1FE2C7AFBE67}
		{04309001-F5A5-48A8-A7C8-3D8A93B5EE44} = {A6B11AC9-5F45-4F19-8699-1FE2C7AFBE67}
		{9D6E5C37-5468-42C7-9C0D-2018AAEE9C2A} = {E6499F2F-2D6A-48AD-9A18-D410EB453843}
		{338A1CB9-191C-480D-8F8B-1F3788692B66} = {30A63C59-0245-498C-BF00-5D48F24242A2}
		{8E79B5C1-025A-4946-8C92-979A5BEE6563} = {30A63C59-0245-498C-BF00-5D48F24242A2}
		{030D030C-9C1A-468F-A3AD-D8044EBD9440} = {338A1CB9-191C-480D-8F8B-1F3788692B66}
		{7A6467E3-C654-45F0-956B-6D700E251AB9} = {338A1CB9-191C-480D-8F8B-1F3788692B66}
		{3DE79A4C-9544-40F6-B83B-DD5E20C9AD2C} = {338A1CB9-191C-480D-8F8B-1F3788692B66}
		{95CEEB4A-E4BA-4964-9E86-E8B69860CA70} = {EE5D899C-B756-4935-9178-A16C60153FB3}
		{3F67C1D6-98FC-4D04-9F40-FFDFF613DCBD} = {EE5D899C-B756-4935-9178-A16C60153FB3}
		{51439D4A-928F-405D-B515-74C75B05FB7D} = {EE5D899C-B756-4935-9178-A16C60153FB3}
		{153EBBB9-74BA-4048-8805-9ADBE437B348} = {30A63C59-0245-498C-BF00-5D48F24242A2}
		{21B0141D-7127-4C99-BDB9-4A6DF8998A29} = {153EBBB9-74BA-4048-8805-9ADBE437B348}
		{1D952A22-02ED-44C5-8D6F-081B65D17A97} = {153EBBB9-74BA-4048-8805-9ADBE437B348}
		{A14F9DAF-95ED-4128-BA48-3A9C23464418} = {153EBBB9-74BA-4048-8805-9ADBE437B348}
	EndGlobalSection
	GlobalSection(ExtensibilityGlobals) = postSolution
		SolutionGuid = {81AB63E5-56C4-4830-A055-9C341115E323}
	EndGlobalSection
EndGlobal
